cloud.google.com/go/auth v0.23.3 h1:UMK+oBtuNGMCR/6i6mmySUItqjOazpJrbmZyhGbGBWo=
cloud.google.com/go/auth v0.23.3/go.mod h1:fClbry28fo7XkxhSeT6AQtAVAp6Jy0fW9N99PoPNPFM=
cloud.google.com/go/auth/oauth2adapt v0.2.8 h1:keo8NaayQZ6wimpNSmW5OPc283g65QNIiLpZnkHRbnc=
cloud.google.com/go/auth/oauth2adapt v0.2.8/go.mod h1:XQ9y31RkqZCcwJWNSx2Xvric3RrU88hAYYbjDWYDL+c=
cloud.google.com/go/compute/metadata v0.9.1 h1:CTE1OWBQ0vnF5uHwdFAQJvMQ0Fi/KRcqqKTo9V0F8Ik=
cloud.google.com/go/compute/metadata v0.9.1/go.mod h1:NtnlvB6X3t4R6xSWyVX/ZWk493PCxGQlhI/iqxh4M8I=
cloud.google.com/go/iam v1.13.0 h1:ufT3FPT5rFFXu6UtLkNoxaOaV5EuA1dsSkmemCSTo6U=
cloud.google.com/go/iam v1.13.0/go.mod h1:gHXdDEiPDvqd1q1KwBDGQlgZY/BwY760zU2LhOZS5w0=
github.com/PuerkitoBio/goquery v1.13.0 h1:mqHbjD7Jmnul4DTR24LKTjo1uUmHUh072kteGV+xpFM=
github.com/PuerkitoBio/goquery v1.13.0/go.mod h1:Hip5mdBL8K2wEGKJdr27sRaNwIdDajmCwB/ExUPwW+g=
github.com/alecthomas/assert/v2 v2.11.0 h1:2Q9r3ki8+JYXvGsDyBXwH3LcJ+WK5D0gc5E8vS6K3D0=
github.com/alecthomas/assert/v2 v2.11.0/go.mod h1:Bze95FyfUr7x34QZrjL+XP+0qgp/zg8yS+TtBj1WA3k=
github.com/alecthomas/chroma/v2 v2.27.0 h1:FodwmyOBgJULFYmDqibcp9pvfDLWdtPRh9v/r5BXYZs=
github.com/alecthomas/chroma/v2 v2.27.0/go.mod h1:NjJ3ciIgrqBNeIkWZ4e46nseoLDslxU1LmfCoL+wcY8=
github.com/alecthomas/repr v0.5.2 h1:SU73FTI9D1P5UNtvseffFSGmdNci/O6RsqzeXJtP0Qs=
github.com/alecthomas/repr v0.5.2/go.mod h1:Fr0507jx4eOXV7AlPV6AVZLYrLIuIeSOWtW57eE/O/4=
github.com/andybalholm/brotli v1.2.4 h1:649LN6qF+/7JJYNN3Wdu4Dt5PS6eC/yP/Go3Bb0/AHI=
github.com/andybalholm/brotli v1.2.4/go.mod h1:rzTDkvFWvIrjDXZHkuS16NPggd91W3kUSvPlQ1pLaKY=
github.com/andybalholm/cascadia v1.3.5 h1:RLjq12WJy58dN6eCIQrz0bAGZkztHWsEPFxP53Y7Ms8=
github.com/andybalholm/cascadia v1.3.5/go.mod h1:BLRmbRjpEtNKieZOCCvYj4RqN+KRA41GBe/5O+G93kM=
github.com/aws/aws-sdk-go-v2 v1.47.0 h1:0jsHallhJCeaU0Ko48c/3FK1ctOQ7NpzggxriJOQ8MQ=
github.com/aws/aws-sdk-go-v2 v1.47.0/go.mod h1:bttEH6JqnUL8LepvDVfdrds/fZ5bCIxzpe3abyUrhDU=
github.com/aws/aws-sdk-go-v2/config v1.33.5 h1:UA1dmokBFOLFoOyVBhO6HjM6edy0MIk5AZSkJVcksQw=
github.com/aws/aws-sdk-go-v2/config v1.33.5/go.mod h1:Dop8axzz0xx38GExIYWXdeyc8QQ7Cr+nPsxpD/LYy4U=
github.com/aws/aws-sdk-go-v2/credentials v1.20.5 h1:wklUVvHMc9xTQ3rcp49/ISpiMnhbCicJcA6n6S8m7J8=
github.com/aws/aws-sdk-go-v2/credentials v1.20.5/go.mod h1:fyEdrn6ccLFOkoK84j5bQyGTxp9zPt5l2XMhxf4DVZs=
github.com/aws/aws-sdk-go-v2/feature/ec2/imds v1.20.0 h1:AM4hHjww+PSFtt6E+UrBrPlZkWsePCLEt9AjkfQX+yM=
github.com/aws/aws-sdk-go-v2/feature/ec2/imds v1.20.0/go.mod h1:3x/yXezeQjpOvBb4jEMxrS8SXvpdvJ5abv6l5c1gWM8=
github.com/aws/aws-sdk-go-v2/internal/configsources v1.5.3 h1:Hp/VgjP0BysR3OgLlR057Vz2LcbbVnoWeJ+3qWiS/fY=
github.com/aws/aws-sdk-go-v2/internal/configsources v1.5.3/go.mod h1:nwGV5qw7F1IZPgxCvA/ph8N2TAuz+BkRG/bXn808qMA=
github.com/aws/aws-sdk-go-v2/internal/endpoints/v2 v2.8.3 h1:MUaM4f+kj1ZIBPZfUS8cxP1GKXXZtHJjAthy93AN7SM=
github.com/aws/aws-sdk-go-v2/internal/endpoints/v2 v2.8.3/go.mod h1:6YmVmEVRI5ZZzRjCSsb9SryKH0hAlMRdgA7kG9aDvBU=
github.com/aws/aws-sdk-go-v2/internal/v4a v1.5.3 h1:fuSCw4Z2qfRCztMPO3GXJNSiEp6Wee+WOLwrHHUMy9c=
github.com/aws/aws-sdk-go-v2/internal/v4a v1.5.3/go.mod h1:6SxcHheD1pPR5+kWm1wGvjlL/YqUsh267sAfEmN4K7A=
github.com/aws/aws-sdk-go-v2/service/internal/accept-encoding v1.13.19 h1:bAdDl/HkGCcGPoe25ToSHEw23VIxt6CT5fLcg111BKg=
github.com/aws/aws-sdk-go-v2/service/internal/accept-encoding v1.13.19/go.mod h1:KaUzbLxv4CeSxh6ZCl9B4m7CuFenS8kUEaDs+f/DQr4=
github.com/aws/aws-sdk-go-v2/service/internal/presigned-url v1.14.3 h1:bON1rJf67TSTDCKg816AAIE4xSTtoo9tl0XRkO72R+I=
github.com/aws/aws-sdk-go-v2/service/internal/presigned-url v1.14.3/go.mod h1:c5BBpjJcQXpfeq9iASyVKA3T6vX6B6LEXY4mL/gklDY=
github.com/aws/aws-sdk-go-v2/service/signin v1.10.0 h1:ZD5qFpWcaOKdTuhBi431pIDkCgrMkMlMT6jlpSPoIRI=
github.com/aws/aws-sdk-go-v2/service/signin v1.10.0/go.mod h1:8Nuuf+tR346PjJ3MvZPh9pekbLiLQFWJhzMXfwy7alA=
github.com/aws/aws-sdk-go-v2/service/sso v1.38.0 h1:JGeeBcMlhg1xtOXYpeCaTQBZObtXMPQCUqBcmr65NRA=
github.com/aws/aws-sdk-go-v2/service/sso v1.38.0/go.mod h1:XwteswG9EOMRFm73UT0t+MbTwyLxMrEXkU6e+v92Lzo=
github.com/aws/aws-sdk-go-v2/service/ssooidc v1.43.0 h1:obhahQXDEdVEv8y5bTKXR30LVaxYe1kyYM0L7l2Iq+k=
github.com/aws/aws-sdk-go-v2/service/ssooidc v1.43.0/go.mod h1:6twZZ/aXHNy1vXUO8koUbp++MYzMASkOgEBdkbJYmO0=
github.com/aws/aws-sdk-go-v2/service/sts v1.51.0 h1:Zpnqa6XtrNzXZnwbdCqHOXpXhMsa01ql/pcRQ1sb4hk=
github.com/aws/aws-sdk-go-v2/service/sts v1.51.0/go.mod h1:/8JRcdTt//hG0Q4BTmGbuOplT7ABe+5rdtqUHqXvYIM=
github.com/aws/smithy-go v1.28.2 h1:myhcykQcatTul2B/zITjDk203G7t0awUAs1hVry5Bvg=
github.com/aws/smithy-go v1.28.2/go.mod h1:YE2RhdIuDbA5E5bTdciG9KrW3+TiEONeUWCqxX9i1Fc=
github.com/cespare/xxhash/v2 v2.3.0 h1:UL815xU9SqsFlibzuggzjXhog7bL6oX9BbNZnL2UFvs=
github.com/cespare/xxhash/v2 v2.3.0/go.mod h1:VGX0DQ3Q6kWi7AoAeZDth3/j3BFtOZR5XLFGgcrjCOs=
github.com/cncf/xds/go v0.0.0-20260202195803-dba9d589def2 h1:aBangftG7EVZoUb69Os8IaYg++6uMOdKK83QtkkvJik=
github.com/cncf/xds/go v0.0.0-20260202195803-dba9d589def2/go.mod h1:qwXFYgsP6T7XnJtbKlf1HP8AjxZZyzxMmc+Lq5GjlU4=
github.com/d2lang/d2 v0.9.0 h1:bVqc8xNHDoWYxPSIPa4uaA0iiju3wWL5su3rJ2Lkg3s=
github.com/d2lang/d2 v0.9.0/go.mod h1:hPcIzHTJxg+uxdpG0UaEbyg9/ithMOAJwSRZ4I+USdM=
github.com/d2lang/dagro v0.2.1 h1:0IGGByyyHXiyZqcYQ775H3Eha4vVYSNWC79osyVGt58=
github.com/d2lang/dagro v0.2.1/go.mod h1:MPJvYGJla9b0ly0AZYUycLu/CP3z0dq8spR5Nl12OMM=
github.com/d2lang/elk-go v0.2.0 h1:/NmqquuSleFTPVskM91UYOkwZe8+nRO3a8aaKB5Op+I=
github.com/d2lang/elk-go v0.2.0/go.mod h1:tvu+zORoU3aAbBetbyvmwsF8Tjdvj/+fG9owqahZ+BQ=
github.com/d2lang/mathjax-go v0.1.0 h1:wwEYeMNpjqZrKqoZYNA3ZvVxQuN0EzBwEPClUT/KcwE=
github.com/d2lang/mathjax-go v0.1.0/go.mod h1:ltfD9ACCPWhnU2KVOCKaUyBa3vUDGZoc1njExXypym4=
github.com/d2lang/rough-go v0.2.0 h1:fnzL4gUub7JcZ6OzQ9I0HfQ4pSmQoX79rwg3br7XK2o=
github.com/d2lang/rough-go v0.2.0/go.mod h1:YUpv4DsD//vHWis/7IBAoaIbcQLf3hBVGuxDzgx7aUg=
github.com/d2lang/util-go v0.2.0 h1:X9+F4j2S0453cG3EpA5bm9KBEV4ZAanxH+5ELA2yPDk=
github.com/d2lang/util-go v0.2.0/go.mod h1:9t8cKlmsQw6UlChU4HQE9tZr8efjKIGDHkDdDYUeJy0=
github.com/dlclark/regexp2/v2 v2.8.0 h1:CekDhPLGfm+GAJmPVFIG+5dqMIQPkyHJll7BbdneDfw=
github.com/dlclark/regexp2/v2 v2.8.0/go.mod h1:avUrQvPaLz2DrFNHJF0taWAFFX2C1GMSSoeiqFjcBmU=
github.com/envoyproxy/go-control-plane v0.14.0 h1:hbG2kr4RuFj222B6+7T83thSPqLjwBIfQawTkC++2HA=
github.com/envoyproxy/go-control-plane/envoy v1.37.0 h1:u3riX6BoYRfF4Dr7dwSOroNfdSbEPe9Yyl09/B6wBrQ=
github.com/envoyproxy/go-control-plane/envoy v1.37.0/go.mod h1:DReE9MMrmecPy+YvQOAOHNYMALuowAnbjjEMkkWOi6A=
github.com/envoyproxy/protoc-gen-validate v1.3.3 h1:MVQghNeW+LZcmXe7SY1V36Z+WFMDjpqGAGacLe2T0ds=
github.com/envoyproxy/protoc-gen-validate v1.3.3/go.mod h1:TsndJ/ngyIdQRhMcVVGDDHINPLWB7C82oDArY51KfB0=
github.com/felixge/httpsnoop v1.1.0 h1:3YtUj32ZZkqZtt3sZZsClsymw/QDuVfpNhoA31zeORc=
github.com/felixge/httpsnoop v1.1.0/go.mod h1:Zqxgdd+1Rkcz8euOqdr7lqgCRJztwr5hp9vDSi5UZCE=
github.com/go-logr/logr v1.2.2/go.mod h1:jdQByPbusPIv2/zmleS9BjJVeZ6kBagPoEUsqbVz/1A=
github.com/go-logr/logr v1.4.4 h1:tG4xh9yMsRCAiodLVTxyrkzSZ9+o0L1Kg/+cPVcbP/8=
github.com/go-logr/logr v1.4.4/go.mod h1:9T104GzyrTigFIr8wt5mBrctHMim0Nb2HLGrmQ40KvY=
github.com/go-logr/stdr v1.2.2 h1:hSWxHoqTgW2S2qGc0LTAI563KZ5YKYRhT3MFKZMbjag=
github.com/go-logr/stdr v1.2.2/go.mod h1:mMo/vtBO5dYbehREoey6XUKy/eSumjCCveDpRre4VKE=
github.com/go-resty/resty/v2 v2.17.2 h1:FQW5oHYcIlkCNrMD2lloGScxcHJ0gkjshV3qcQAyHQk=
github.com/go-resty/resty/v2 v2.17.2/go.mod h1:kCKZ3wWmwJaNc7S29BRtUhJwy7iqmn+2mLtQrOyQlVA=
github.com/go-text/typesetting v0.3.5 h1:XZPUooClHY0Vf/rFyUyuPRNEkawARaFzLMQcXLSEyPk=
github.com/go-text/typesetting v0.3.5/go.mod h1:XZO1hD+nQVyvVa5IicQk7FsCa4PFQaJ2soWAP1f//68=
github.com/go-text/typesetting-utils v0.0.0-20260419141703-4ffe8874dabc h1:8FGo2It5K75XkavhTiCKExUfVaVDS1feBnLCru5qeoY=
github.com/go-text/typesetting-utils v0.0.0-20260419141703-4ffe8874dabc/go.mod h1:3/62I4La/HBRX9TcTpBj4eipLiwzf+vhI+7whTc9V7o=
github.com/gofrs/flock v0.13.1 h1:jjREztyBeSKBZYAC+mgc1laB+xsgy4kYMf3FbKF2UBo=
github.com/gofrs/flock v0.13.1/go.mod h1:sf4BFiHwnvgxa25DlQoDqXQnwRMEOwqxRq37P6MzzmE=
github.com/golang/protobuf v1.5.4 h1:i7eJL8qZTpSEXOPTxNKhASYpMn+8e5Q6AdndVa1dWek=
github.com/golang/protobuf v1.5.4/go.mod h1:lnTiLA8Wa4RWRcIUkrtSVa5nRhsEGBg48fD6rSs7xps=
github.com/google/go-cmp v0.7.0 h1:wk8382ETsv4JYUZwIsn6YpYiWiBsYLSJiTsyBybVuN8=
github.com/google/go-cmp v0.7.0/go.mod h1:pXiqmnSA92OHEEa9HXL2W4E7lf9JzCmGVUdgjX3N/iU=
github.com/google/s2a-go v0.1.10 h1:EMp+aOuXN6l8cE/gjF5Bt+vyZxsUuyCWe9chDWR/+uU=
github.com/google/s2a-go v0.1.10/go.mod h1:pz4tyvwXvJLLbyrkh6FW1eS2zPUXMaTmyNhYtyP2tNw=
github.com/google/uuid v1.6.0 h1:NIvaJDMOsjHA8n1jAhLSgzrAzy1Hgr+hNrb57e+94F0=
github.com/google/uuid v1.6.0/go.mod h1:TIyPZe4MgqvfeYDBFedMoGGpEw/LqOeaOT+nhxU+yHo=
github.com/googleapis/enterprise-certificate-proxy v0.3.22 h1:NU4XpII6jD+Dxcot94fqjE+AfJoE/lQP9q3faYGzC/c=
github.com/googleapis/enterprise-certificate-proxy v0.3.22/go.mod h1:L3D/IQExI6LqEjBdXcZQ1WluSgigQmSwBboFstVPM4w=
github.com/googleapis/gax-go/v2 v2.24.1 h1:AtqTN21IXMMWo99LiEVAiBfNNQmO40d8xUfZI640mc0=
github.com/googleapis/gax-go/v2 v2.24.1/go.mod h1:bWeBei0NVwaNZKb2y1HUBS7gLXIF3/Tu3pq7j8D2Tb0=
github.com/hashicorp/golang-lru/v2 v2.0.7 h1:a+bsQ5rvGLjzHuww6tVxozPZFVghXaHOwFs4luLUK2k=
github.com/hashicorp/golang-lru/v2 v2.0.7/go.mod h1:QeFd9opnmA6QUJc5vARoKUSoFhyfM2/ZepoAG6RGpeM=
github.com/hexops/gotextdiff v1.0.3 h1:gitA9+qJrrTCsiCl7+kh75nPqQt1cx4ZkudSTLoUqJM=
github.com/hexops/gotextdiff v1.0.3/go.mod h1:pSWU5MAI3yDq+fZBTazCSJysOMbxWL1BSow5/V2vxeg=
github.com/infisical/go-sdk v0.8.0 h1:Ipw62V1ptg77OY/5DYH/39D2Ej61Hnrbgn05PCZd32c=
github.com/infisical/go-sdk v0.8.0/go.mod h1:yEfXF+3YDDXiJ9zzJUSzW6me6XXPPEDK52fSU6JfpCA=
github.com/lucasb-eyer/go-colorful v1.4.1 h1:1EO+WB73+EH8EVbzlrG3KLAfEypQWVHIBqlTf+2hNss=
github.com/lucasb-eyer/go-colorful v1.4.1/go.mod h1:R4dSotOR9KMtayYi1e77YzuveK+i7ruzyGqttikkLy0=
github.com/mattn/go-colorable v0.1.15 h1:+u9SLTRGnXv73cEsnsmoZBom+dMU88B2M0aDcWy0/jY=
github.com/mattn/go-colorable v0.1.15/go.mod h1:6LmQG8QLFO4G5z1gPvYEzlUgJ2wF+stgPZH1UqBm1s8=
github.com/mattn/go-isatty v0.0.24 h1:tGZZoVgT/KiqK1c8ocVLeDS8BSWMRd47J3Lbz7vsReI=
github.com/mattn/go-isatty v0.0.24/go.mod h1:nMCL3Zebbrt45jsMDgnfIwz6ydEQApk5oEI3HqDio6A=
github.com/mazznoer/csscolorparser v0.1.8 h1:i7w3wHW99d0q0KZv1ONkU/efXFAKcw1mgEgW6gj8KUA=
github.com/mazznoer/csscolorparser v0.1.8/go.mod h1:OQRVvgCyHDCAquR1YWfSwwaDcM0LhnSffGnlbOew/3I=
github.com/meinside/telegram-bot-go v0.13.13 h1:qbllxEMrP//VySlSGDhcnvP3GVTt2hwsgmbLbi9y/SA=
github.com/meinside/telegram-bot-go v0.13.13/go.mod h1:ApZY9guXthClVQ803OOXmfr/AK/F4/6/CADYEeOoVcQ=
github.com/meinside/version-go v0.0.3 h1:GXSwi6sTmgpnSR09jAAqDGWeX2Nq52fe5xpitgAhQfM=
github.com/meinside/version-go v0.0.3/go.mod h1:mFvlwbro1E126u4rU727CcHNa8OPFyhq+KDYYNysFj4=
github.com/oracle/oci-go-sdk/v65 v65.125.0 h1:xkG/gL4yx4nS2M57nvzNndLLtmIxYkdcaPOF7BSBYEo=
github.com/oracle/oci-go-sdk/v65 v65.125.0/go.mod h1:Pzy+BpgkDesvGZXEHgslwhIYobHCPHg6wRta1mWnlqQ=
github.com/planetscale/vtprotobuf v0.6.1-0.20240319094008-0393e58bdf10 h1:GFCKgmp0tecUJ0sJuv4pzYCqS9+RGSn52M3FUwPs+uo=
github.com/planetscale/vtprotobuf v0.6.1-0.20240319094008-0393e58bdf10/go.mod h1:t/avpk3KcrXxUnYOhZhMXJlSEyie6gQbtLq5NM3loB8=
github.com/rivo/uniseg v0.4.7 h1:WUdvkW8uEhrYfLC4ZzdpI2ztxP1I582+49Oc5Mq64VQ=
github.com/rivo/uniseg v0.4.7/go.mod h1:FN3SvrM+Zdj16jyLfmOkMNblXMcoc8DfTHruCPUcx88=
github.com/rs/zerolog v1.35.1 h1:m7xQeoiLIiV0BCEY4Hs+j2NG4Gp2o2KPKmhnnLiazKI=
github.com/rs/zerolog v1.35.1/go.mod h1:EjML9kdfa/RMA7h/6z6pYmq1ykOuA8/mjWaEvGI+jcw=
github.com/sony/gobreaker/v2 v2.4.0 h1:g2KJRW1Ubty3+ZOcSEUN7K+REQJdN6yo6XvaML+jptg=
github.com/sony/gobreaker/v2 v2.4.0/go.mod h1:pTyFJgcZ3h2tdQVLZZruK2C0eoFL1fb/G83wK1ZQl+s=
github.com/stretchr/testify v1.12.1 h1:EuwCh5fleGS7H32xRwO3wRGT7DxrDhLAT6FF8MpWDWE=
github.com/stretchr/testify v1.12.1/go.mod h1:MDEgiDPPsNp5cuIrHPPCyornHKgEVbtFUmoNlxoYthg=
github.com/tailscale/hujson v0.0.0-20260727124030-b80ff77dac4f h1:9hiVElpCmKzsBKQHkBqZ8LGzt82iLfM8egxr4sew+Ys=
github.com/tailscale/hujson v0.0.0-20260727124030-b80ff77dac4f/go.mod h1:8/zr1Tv0+cKpVtGCEB/7YfRXr2TszsMxMXLaT8YuBgU=
github.com/xyproto/randomstring v1.0.5 h1:YtlWPoRdgMu3NZtP45drfy1GKoojuR7hmRcnhZqKjWU=
github.com/xyproto/randomstring v1.0.5/go.mod h1:rgmS5DeNXLivK7YprL0pY+lTuhNQW3iGxZ18UQApw/E=
github.com/youmark/pkcs8 v0.0.0-20240726163527-a2c0da244d78 h1:ilQV1hzziu+LLM3zUTJ0trRztfwgjqKnBWNtSRkbmwM=
github.com/youmark/pkcs8 v0.0.0-20240726163527-a2c0da244d78/go.mod h1:aL8wCCfTfSfmXjznFBSZNN13rSJjlIOI1fUNAtF7rmI=
github.com/yuin/goldmark v1.8.6 h1:d0VcaP1sx9GkFVkoW+KtggpGi2KZ965i14b0+bDQST4=
github.com/yuin/goldmark v1.8.6/go.mod h1:ip/1k0VRfGynBgxOz0yCqHrbZXhcjxyuS66Brc7iBKg=
go.opentelemetry.io/auto/sdk v1.2.1 h1:jXsnJ4Lmnqd11kwkBV2LgLoFMZKizbCi5fNZ/ipaZ64=
go.opentelemetry.io/auto/sdk v1.2.1/go.mod h1:KRTj+aOaElaLi+wW1kO/DZRXwkF4C5xPbEe3ZiIhN7Y=
go.opentelemetry.io/contrib/instrumentation/google.golang.org/grpc/otelgrpc v0.71.0 h1:B2h3uqicet1CT2N5TOFhS+Gq++9i0/CLmaxvhmhtP5s=
go.opentelemetry.io/contrib/instrumentation/google.golang.org/grpc/otelgrpc v0.71.0/go.mod h1:dylvB+ZiiwMvsDij9O84Uy7SijLgHMX4mbkncds+4Sw=
go.opentelemetry.io/contrib/instrumentation/net/http/otelhttp v0.71.0 h1:3g7B90UzBltIDKq1/5mrTGxTnOFDV0ICOhLoxiZ8jlg=
go.opentelemetry.io/contrib/instrumentation/net/http/otelhttp v0.71.0/go.mod h1:Ef8SuTh59BT7+ofpDxN9z+yOlc4t2GjLmKDgYNJL/NU=
go.opentelemetry.io/otel v1.46.0 h1:FHt5/CDyVxi/8IM1CH7VE/rRgq3kLHa2mSTVMO8AWyc=
go.opentelemetry.io/otel v1.46.0/go.mod h1:Gj3SEScelsNC45tp4nSxRYlS+f5iez7W8XPMCt905kE=
go.opentelemetry.io/otel/metric v1.46.0 h1:yBnkXvgV7AXFILZc5K6IZe/CBFF3OS7BJ8ov6/lj0K8=
go.opentelemetry.io/otel/metric v1.46.0/go.mod h1:iPmdWqifKUdzziPkvvzIJXITl56fQx2mGM/DHLB3/2o=
go.opentelemetry.io/otel/sdk v1.46.0 h1:h5CNQQjEbuQXY/JfZtgt3i7HVFV3aHPO2OAwO2eTYPI=
go.opentelemetry.io/otel/sdk v1.46.0/go.mod h1:GAERFXFt5SYCEB+YiKUbMBeza6UaDH7GmGOZEfh2gSM=
go.opentelemetry.io/otel/sdk/metric v1.46.0 h1:0piZ26EG4RBfebb2jhDH6ERCYHoVWduc3kLgPCwSnSE=
go.opentelemetry.io/otel/sdk/metric v1.46.0/go.mod h1:I1PbKrdVc8Qu8HYVDNtqVIwLwjNrhsV/uFuxfwg8mO4=
go.opentelemetry.io/otel/trace v1.46.0 h1:OULy7ccdJnZtJ0UDYFOIGaCmiWzJ8Vi2G/Rsu60qs1c=
go.opentelemetry.io/otel/trace v1.46.0/go.mod h1:J7GAXweO77XSFkB/rmAqk9D6ihszhFjLU+d9WuUxDLI=
go.uber.org/multierr v1.11.0 h1:blXXJkSxSSfBVBlC76pxqeO+LN3aDfLQo+309xJstO0=
go.uber.org/multierr v1.11.0/go.mod h1:20+QtiLqy0Nd6FdQB9TLXag12DsQkrbs3htMFfDN80Y=
go.yaml.in/yaml/v3 v3.0.5 h1:N6y/pJk8buWs9NY5ERU2HSMfm+IuD/OtfdAnq6kESPw=
go.yaml.in/yaml/v3 v3.0.5/go.mod h1:HVTZu1O7/Vkt2N+BFy8Zza+lnLsABggaTM2ZpNIGuKg=
golang.org/x/crypto v0.57.0 h1:3ZVCjf8Ggz7zneR/EHRVx68Ctf+2pmIMP2UFhh9cC6M=
golang.org/x/crypto v0.57.0/go.mod h1:Fdz0i5U6CoizGwLda9DttjSk6qlZo25zYNtR+ycvuZA=
golang.org/x/exp v0.0.0-20260908205506-85c1c2202aba h1:Ck8QetSgk912qxWLMCKxd0in+aiyBQyDSMae6e/xmpU=
golang.org/x/exp v0.0.0-20260908205506-85c1c2202aba/go.mod h1:50RgIsmK7OwqzTTeqcSXQW8SswW0o8fRcDxmqGluJ8E=
golang.org/x/image v0.46.0 h1:b1+oYj0Jbp6K5MDT4i4/eZpYlk3V8SJhhDKh6LBHAyQ=
golang.org/x/image v0.46.0/go.mod h1:3B3W05VGVQyuXucLINLjXKrqISASfi4Xj+iCVkLMwew=
golang.org/x/net v0.59.0 h1:5zfYln+w5XCxwrnMMJPufRgNoXEaGxl0wo5GqPXyues=
golang.org/x/net v0.59.0/go.mod h1:2DA/G1UfVbCpQPeWTmMPGY7Cs2PkBkwu743bVX5PIVg=
golang.org/x/oauth2 v0.37.0 h1:JUlcxA8oAtauLfiH8FX2/FkAWHAdi0QtGCGc+hofE98=
golang.org/x/oauth2 v0.37.0/go.mod h1:IxwZNxUULJmpBFf9K/9NTMSIfZZuvuTy1gGxhigP/58=
golang.org/x/sync v0.23.0 h1:KameEIfc1IkluZyXWLn39Wd4tURc6GbCiISGiZm2bQk=
golang.org/x/sync v0.23.0/go.mod h1:sUUOizhqBxiL6pEWpqNLUiaJn1ShEbZ6BBqskPbjZm0=
golang.org/x/sys v0.48.0 h1:bbX/i/6MgT9BVLM9RT1thmxL04yeTAhbEz4SyadbXoo=
golang.org/x/sys v0.48.0/go.mod h1:hNLxWAXmnKAxqDtdwIYC4bM9oQPEecfsnNMuSxOs3og=
golang.org/x/text v0.42.0 h1:JbOZXgfeCPU9gacVtYliJqOhD+zhrEqK4LfdpmlUZqI=
golang.org/x/text v0.42.0/go.mod h1:ojzP1Z+2QtioaF8DTtO8K5q7JWVVYwZKenzujK0Zd0E=
golang.org/x/time v0.16.0 h1:vMb6ptszcQMkcwiRTAuNNU50gom6++Q/6gY2hDM6VDE=
golang.org/x/time v0.16.0/go.mod h1:rVKOqvZeKvrDKTQiAHJ7wmwP0RzleSphoEA9RcdLA0s=
golang.org/x/xerrors v0.0.0-20240903120638-7835f813f4da h1:noIWHXmPHxILtqtCOPIhSt0ABwskkZKjD3bXGnZGpNY=
golang.org/x/xerrors v0.0.0-20240903120638-7835f813f4da/go.mod h1:NDW/Ps6MPRej6fsCIbMTohpP40sJ/P/vI1MoTEGwX90=
gonum.org/v1/gonum v0.17.0 h1:VbpOemQlsSMrYmn7T2OUvQ4dqxQXU+ouZFQsZOx50z4=
gonum.org/v1/gonum v0.17.0/go.mod h1:El3tOrEuMpv2UdMrbNlKEh9vd86bmQ6vqIcDwxEOc1E=
google.golang.org/api v0.298.0 h1:YW18RkHBMZBA1ergX0m4biagzgbiPTb2uTsRsDPWNRY=
google.golang.org/api v0.298.0/go.mod h1:02qB8+Ox1ZFzcaKFMguy1nQLJmSIyvV6Ff4txJEXtl4=
google.golang.org/genproto v0.0.0-20260715232425-e75dac1f907d h1:C9v1o0/4quuhOAfmRXA2j+we0PqZIp8traLdeogF3Ms=
google.golang.org/genproto v0.0.0-20260715232425-e75dac1f907d/go.mod h1:Wz2wFJntZFmLGo7pLDXZ3wYk5hyc0Mb+SkHhDDXT+lU=
google.golang.org/genproto/googleapis/api v0.0.0-20260918162117-cecb64721679 h1:FEp7JNE32DTAwbnI/ixagnmj7Xm1eTONofGEUXFjZ4w=
google.golang.org/genproto/googleapis/api v0.0.0-20260918162117-cecb64721679/go.mod h1:52bV8FLAQ9Qmcqaq9ECLmuEHZthk+6OPV45aKBBrsNw=
google.golang.org/genproto/googleapis/rpc v0.0.0-20260918162117-cecb64721679 h1:KmqdJU4vrNcxy/6qdg3JduZtalEXrJLspVltnR1cE+8=
google.golang.org/genproto/googleapis/rpc v0.0.0-20260918162117-cecb64721679/go.mod h1:OaIUM3+LpYcK2GXM4FTmhWoIq371Owdr+Cc7/BsYHHc=
google.golang.org/grpc v1.84.0 h1:soMyaPJ8pAak5PIQ0DGBUir0XRo2fRoMqhNWMLlLxO0=
google.golang.org/grpc v1.84.0/go.mod h1:ljCht0DrxQrXBDRTZp52Qxh3Ffk8CdYm2sj4O2QN2C0=
google.golang.org/protobuf v1.36.12 h1:pJOKDDOyeXErUroCihFAd5LQuwXBSpVnKGrj5o/fwxc=
google.golang.org/protobuf v1.36.12/go.mod h1:HTf+CrKn2C3g5S8VImy6tdcUvCska2kB7j23XfzDpco=
